
Microsoft Visual Studio Solution File, Format Version 12.00
# Visual Studio Version 17
VisualStudioVersion = 17.3.32922.545
MinimumVisualStudioVersion = 10.0.40219.1
Project("{FAE04EC0-301F-11D3-BF4B-00C04F79EFBC}") = "CalculatorJenkinsDemo", "CalculatorJenkinsDemo\CalculatorJenkinsDemo.csproj", "{14534EFC-9B5A-4C33-BA7E-3443EC6072C9}"
EndProject
Global
	GlobalSection(SolutionConfigurationPlatforms) = preSolution
		Debug|Any CPU = Debug|Any CPU
		Release|Any CPU = Release|Any CPU
	EndGlobalSection
	GlobalSection(ProjectConfigurationPlatforms) = postSolution
		{14534EFC-9B5A-4C33-BA7E-3443EC6072C9}.Debug|Any CPU.ActiveCfg = Debug|Any CPU
		{14534EFC-9B5A-4C33-BA7E-3443EC6072C9}.Debug|Any CPU.Build.0 = Debug|Any CPU
		{14534EFC-9B5A-4C33-BA7E-3443EC6072C9}.Release|Any CPU.ActiveCfg = Release|Any CPU
		{14534EFC-9B5A-4C33-BA7E-3443EC6072C9}.Release|Any CPU.Build.0 = Release|Any CPU
	EndGlobalSection
	GlobalSection(SolutionProperties) = preSolution
		HideSolutionNode = FALSE
	EndGlobalSection
	GlobalSection(ExtensibilityGlobals) = postSolution
		SolutionGuid = {A7A98CD4-53F0-49C7-B78A-99B8DB7F033A}
	EndGlobalSection
EndGlobal
